
Microsoft Visual Studio Solution File, Format Version 12.00
# Visual Studio Version 16
VisualStudioVersion = 16.0.30011.22
MinimumVisualStudioVersion = 10.0.40219.1
Project("{FAE04EC0-301F-11D3-BF4B-00C04F79EFBC}") = "BookLab2", "BookLab2.csproj", "{EA428184-C709-4888-BCA5-7D9E45A56ACB}"
EndProject
Global
	GlobalSection(SolutionConfigurationPlatforms) = preSolution
		Debug|Any CPU = Debug|Any CPU
		Release|Any CPU = Release|Any CPU
	EndGlobalSection
	GlobalSection(ProjectConfigurationPlatforms) = postSolution
		{EA428184-C709-4888-BCA5-7D9E45A56ACB}.Debug|Any CPU.ActiveCfg = Debug|Any CPU
		{EA428184-C709-4888-BCA5-7D9E45A56ACB}.Debug|Any CPU.Build.0 = Debug|Any CPU
		{EA428184-C709-4888-BCA5-7D9E45A56ACB}.Release|Any CPU.ActiveCfg = Release|Any CPU
		{EA428184-C709-4888-BCA5-7D9E45A56ACB}.Release|Any CPU.Build.0 = Release|Any CPU
	EndGlobalSection
	GlobalSection(SolutionProperties) = preSolution
		HideSolutionNode = FALSE
	EndGlobalSection
	GlobalSection(ExtensibilityGlobals) = postSolution
		SolutionGuid = {402FEB39-96D3-4ABE-9174-D36E36D15CEB}
	EndGlobalSection
EndGlobal
